--#include <System>
--#include "$(PROJECT_ROOT)sys/common.cbi"
--#include "$(PROJECT_ROOT)sys/default.cbi"
--#include "$(PROJECT_ROOT)sys/ext_nlog.cbi"
--#include "$(PROJECT_ROOT)sys/ext_yaml.cbi"
--#include "$(PROJECT_ROOT)sys/ext_litedb.cbi"

SetFramework("v3.5")

print "Configuring Build with CrystalBuild version $(CB_VER) ..."

AddSources("$(BUILD_DIR)", "*.cs", true)

SetNamespace("GDX.AI.Sharp")

AddReference("MonoGame.Math", ccRoot.."MonoGame.Math.dll")
AddReference("CarbonCore.Utils", ccRoot.."CarbonCore.Utils.dll")
AddReference("CarbonCore.Utils.Edge", "$(PROJECT_ROOT)External/CCRelease/CarbonCore.Utils.Edge.dll")

return WriteProjectFile()
