--#include <System>
--#include "$(PROJECT_ROOT)sys/common.cbi"
--#include "$(PROJECT_ROOT)sys/default.cbi"
--#include "$(PROJECT_ROOT)sys/ext_protobuf.cbi"
--#include "$(PROJECT_ROOT)sys/ext_nlog.cbi"

print "Configuring Build with CrystalBuild version $(CB_VER) ..."

AddSources("$(BUILD_DIR)", "*.cs", true)

SetNamespace("GDX.AI.Sharp.Recast.RecastSharp")

AddReference("MonoGame.Math", ccRoot.."MonoGame.Math.dll")
AddReference("CarbonCore.Utils", ccRoot.."CarbonCore.Utils.dll")

AddProjectReference("$(PROJECT_ROOT)External/GDX.AI.Sharp", "GDX.AI.Sharp")
AddProjectReference("$(PROJECT_ROOT)External/GDX.AI.Sharp/Recast/CLI", "RecastCLI", false)

return WriteProjectFile()
