--#include <System>
--#include "$(PROJECT_ROOT)sys/common.cbi"
--#include "$(PROJECT_ROOT)sys/default.cbi"
--#include "$(PROJECT_ROOT)sys/ext_nunit.cbi"

print "Configuring Build with CrystalBuild version $(CB_VER) ..."

AddSources("$(BUILD_DIR)", "*.cs", true)

SetOutputType("Library")
SetNamespace("GDX.AI.Sharp.Tests")

AddReference("Newtonsoft.Json", ccRoot.."Newtonsoft.Json.dll")
AddReference("MonoGame.Math", ccRoot.."MonoGame.Math.dll")
AddReference("CarbonCore.Utils", ccRoot.."CarbonCore.Utils.dll")
AddReference("CarbonCore.Utils.Edge", "$(PROJECT_ROOT)External/CCRelease/CarbonCore.Utils.Edge.dll")

AddProjectReference("$(PROJECT_ROOT)External/gdxAI.Sharp", "gdxAI.Sharp")

return WriteProjectFile()

