<?xml version="1.0" encoding="utf-8"?>
<Project ToolsVersion="15.0" xmlns="http://schemas.microsoft.com/developer/msbuild/2003">
  <ItemGroup>
    <Filter Include="Source Files">
      <UniqueIdentifier>{4FC737F1-C7A5-4376-A066-2A32D752A2FF}</UniqueIdentifier>
      <Extensions>cpp;c;cc;cxx;def;odl;idl;hpj;bat;asm;asmx</Extensions>
    </Filter>
    <Filter Include="Header Files">
      <UniqueIdentifier>{93995380-89BD-4b04-88EB-625FBE52EBFB}</UniqueIdentifier>
      <Extensions>h;hh;hpp;hxx;hm;inl;inc;xsd</Extensions>
    </Filter>
    <Filter Include="Resource Files">
      <UniqueIdentifier>{67DA6AB6-F800-4c08-8B7A-83BB121AAD01}</UniqueIdentifier>
      <Extensions>rc;ico;cur;bmp;dlg;rc2;rct;bin;rgs;gif;jpg;jpeg;jpe;resx;tiff;tif;png;wav;mfcribbon-ms</Extensions>
    </Filter>
    <Filter Include="Header Files\Recast">
      <UniqueIdentifier>{571cd6b8-c901-4428-929e-85622cd7fd09}</UniqueIdentifier>
    </Filter>
    <Filter Include="Header Files\Detour">
      <UniqueIdentifier>{57d1249f-9677-4cfa-bc88-d2cbbe47c50f}</UniqueIdentifier>
    </Filter>
    <Filter Include="Header Files\Util">
      <UniqueIdentifier>{4a71c9ee-b0ec-444f-bab0-c91659eb1bed}</UniqueIdentifier>
    </Filter>
    <Filter Include="Header Files\Recast\Native">
      <UniqueIdentifier>{23b97794-a0b0-4e91-a4fc-8d1457d01195}</UniqueIdentifier>
    </Filter>
    <Filter Include="Source Files\Recast">
      <UniqueIdentifier>{063306ae-ca2a-4125-89d1-fdfe7b963435}</UniqueIdentifier>
    </Filter>
    <Filter Include="Source Files\Recast\Native">
      <UniqueIdentifier>{3028e983-3486-4480-84f4-94133f4efb5f}</UniqueIdentifier>
    </Filter>
    <Filter Include="Source Files\Detour">
      <UniqueIdentifier>{302e5f68-7ae0-4e5a-9f7d-737ec96f0e3f}</UniqueIdentifier>
    </Filter>
    <Filter Include="Source Files\Util">
      <UniqueIdentifier>{2a0ffae7-f9b4-4a5b-8522-26a29c49d070}</UniqueIdentifier>
    </Filter>
    <Filter Include="Header Files\Detour\Native">
      <UniqueIdentifier>{fdf54d69-6922-45a6-aab4-d34605026f90}</UniqueIdentifier>
    </Filter>
    <Filter Include="Source Files\Detour\Native">
      <UniqueIdentifier>{00d782d6-6b45-4c24-a32a-bd256e30305f}</UniqueIdentifier>
    </Filter>
    <Filter Include="Header Files\Contrib">
      <UniqueIdentifier>{159024ee-b9bf-4bfe-a906-93ef695a2af4}</UniqueIdentifier>
    </Filter>
    <Filter Include="Source Files\Contrib">
      <UniqueIdentifier>{28e1ffdb-ae28-44b2-a46e-4e76659c1873}</UniqueIdentifier>
    </Filter>
    <Filter Include="Source Files\Protocol">
      <UniqueIdentifier>{897e771c-cd0e-45bc-bd64-8489ebd18b32}</UniqueIdentifier>
    </Filter>
    <Filter Include="Header Files\Protocol">
      <UniqueIdentifier>{f9d22045-ca69-4e47-be25-83e99b038c4e}</UniqueIdentifier>
    </Filter>
  </ItemGroup>
  <ItemGroup>
    <ClInclude Include="BuildContext.h">
      <Filter>Header Files\Util</Filter>
    </ClInclude>
    <ClInclude Include="PerfTimer.h">
      <Filter>Header Files\Util</Filter>
    </ClInclude>
    <ClInclude Include="..\Source\Recast\Include\Recast.h">
      <Filter>Header Files\Recast\Native</Filter>
    </ClInclude>
    <ClInclude Include="..\Source\Recast\Include\RecastAlloc.h">
      <Filter>Header Files\Recast\Native</Filter>
    </ClInclude>
    <ClInclude Include="..\Source\Recast\Include\RecastAssert.h">
      <Filter>Header Files\Recast\Native</Filter>
    </ClInclude>
    <ClInclude Include="..\Source\DetourTileCache\Include\DetourTileCache.h">
      <Filter>Header Files\Detour\Native</Filter>
    </ClInclude>
    <ClInclude Include="..\Source\DetourTileCache\Include\DetourTileCacheBuilder.h">
      <Filter>Header Files\Detour\Native</Filter>
    </ClInclude>
    <ClInclude Include="..\Source\DetourCrowd\Include\DetourCrowd.h">
      <Filter>Header Files\Detour\Native</Filter>
    </ClInclude>
    <ClInclude Include="..\Source\DetourCrowd\Include\DetourLocalBoundary.h">
      <Filter>Header Files\Detour\Native</Filter>
    </ClInclude>
    <ClInclude Include="..\Source\DetourCrowd\Include\DetourObstacleAvoidance.h">
      <Filter>Header Files\Detour\Native</Filter>
    </ClInclude>
    <ClInclude Include="..\Source\DetourCrowd\Include\DetourPathCorridor.h">
      <Filter>Header Files\Detour\Native</Filter>
    </ClInclude>
    <ClInclude Include="..\Source\DetourCrowd\Include\DetourPathQueue.h">
      <Filter>Header Files\Detour\Native</Filter>
    </ClInclude>
    <ClInclude Include="..\Source\DetourCrowd\Include\DetourProximityGrid.h">
      <Filter>Header Files\Detour\Native</Filter>
    </ClInclude>
    <ClInclude Include="..\Source\Detour\Include\DetourAlloc.h">
      <Filter>Header Files\Detour\Native</Filter>
    </ClInclude>
    <ClInclude Include="..\Source\Detour\Include\DetourAssert.h">
      <Filter>Header Files\Detour\Native</Filter>
    </ClInclude>
    <ClInclude Include="..\Source\Detour\Include\DetourCommon.h">
      <Filter>Header Files\Detour\Native</Filter>
    </ClInclude>
    <ClInclude Include="..\Source\Detour\Include\DetourMath.h">
      <Filter>Header Files\Detour\Native</Filter>
    </ClInclude>
    <ClInclude Include="..\Source\Detour\Include\DetourNavMesh.h">
      <Filter>Header Files\Detour\Native</Filter>
    </ClInclude>
    <ClInclude Include="..\Source\Detour\Include\DetourNavMeshBuilder.h">
      <Filter>Header Files\Detour\Native</Filter>
    </ClInclude>
    <ClInclude Include="..\Source\Detour\Include\DetourNavMeshQuery.h">
      <Filter>Header Files\Detour\Native</Filter>
    </ClInclude>
    <ClInclude Include="..\Source\Detour\Include\DetourNode.h">
      <Filter>Header Files\Detour\Native</Filter>
    </ClInclude>
    <ClInclude Include="..\Source\Detour\Include\DetourStatus.h">
      <Filter>Header Files\Detour\Native</Filter>
    </ClInclude>
    <ClInclude Include="ChunkyTriMesh.h">
      <Filter>Header Files\Util</Filter>
    </ClInclude>
    <ClInclude Include="InputGeom.h">
      <Filter>Header Files\Util</Filter>
    </ClInclude>
    <ClInclude Include="MeshLoaderObj.h">
      <Filter>Header Files\Util</Filter>
    </ClInclude>
    <ClInclude Include="RecastClient.h">
      <Filter>Header Files</Filter>
    </ClInclude>
    <ClInclude Include="ManagedRecastClient.h">
      <Filter>Header Files</Filter>
    </ClInclude>
    <ClInclude Include="ManagedDtCrowdAgentParams.h">
      <Filter>Header Files\Detour</Filter>
    </ClInclude>
    <ClInclude Include="ManagedDtCrowdAgentInfo.h">
      <Filter>Header Files\Detour</Filter>
    </ClInclude>
    <ClInclude Include="RecastClientSoloMesh.h">
      <Filter>Header Files</Filter>
    </ClInclude>
    <ClInclude Include="RecastClientTiled.h">
      <Filter>Header Files</Filter>
    </ClInclude>
    <ClInclude Include="..\Source\Contrib\fastlz\fastlz.h">
      <Filter>Header Files\Contrib</Filter>
    </ClInclude>
    <ClInclude Include="..\Source\Protocol\NavMesh.pb.h">
      <Filter>Header Files\Protocol</Filter>
    </ClInclude>
    <ClInclude Include="ManagedRecastSettings.h">
      <Filter>Header Files</Filter>
    </ClInclude>
    <ClInclude Include="ManagedRecastClientSoloMesh.h">
      <Filter>Header Files</Filter>
    </ClInclude>
    <ClInclude Include="ManagedRecastClientTiled.h">
      <Filter>Header Files</Filter>
    </ClInclude>
  </ItemGroup>
  <ItemGroup>
    <ClCompile Include="AssemblyInfo.cpp">
      <Filter>Source Files</Filter>
    </ClCompile>
    <ClCompile Include="..\Source\Recast\Source\RecastRegion.cpp">
      <Filter>Source Files\Recast\Native</Filter>
    </ClCompile>
    <ClCompile Include="..\Source\Recast\Source\Recast.cpp">
      <Filter>Source Files\Recast\Native</Filter>
    </ClCompile>
    <ClCompile Include="..\Source\Recast\Source\RecastAlloc.cpp">
      <Filter>Source Files\Recast\Native</Filter>
    </ClCompile>
    <ClCompile Include="..\Source\Recast\Source\RecastArea.cpp">
      <Filter>Source Files\Recast\Native</Filter>
    </ClCompile>
    <ClCompile Include="..\Source\Recast\Source\RecastAssert.cpp">
      <Filter>Source Files\Recast\Native</Filter>
    </ClCompile>
    <ClCompile Include="..\Source\Recast\Source\RecastContour.cpp">
      <Filter>Source Files\Recast\Native</Filter>
    </ClCompile>
    <ClCompile Include="..\Source\Recast\Source\RecastFilter.cpp">
      <Filter>Source Files\Recast\Native</Filter>
    </ClCompile>
    <ClCompile Include="..\Source\Recast\Source\RecastLayers.cpp">
      <Filter>Source Files\Recast\Native</Filter>
    </ClCompile>
    <ClCompile Include="..\Source\Recast\Source\RecastMesh.cpp">
      <Filter>Source Files\Recast\Native</Filter>
    </ClCompile>
    <ClCompile Include="..\Source\Recast\Source\RecastMeshDetail.cpp">
      <Filter>Source Files\Recast\Native</Filter>
    </ClCompile>
    <ClCompile Include="..\Source\Recast\Source\RecastRasterization.cpp">
      <Filter>Source Files\Recast\Native</Filter>
    </ClCompile>
    <ClCompile Include="BuildLog.cpp">
      <Filter>Source Files\Util</Filter>
    </ClCompile>
    <ClCompile Include="PerfTimer.cpp">
      <Filter>Source Files\Util</Filter>
    </ClCompile>
    <ClCompile Include="..\Source\Detour\Source\DetourNode.cpp">
      <Filter>Source Files\Detour\Native</Filter>
    </ClCompile>
    <ClCompile Include="..\Source\Detour\Source\DetourAlloc.cpp">
      <Filter>Source Files\Detour\Native</Filter>
    </ClCompile>
    <ClCompile Include="..\Source\Detour\Source\DetourAssert.cpp">
      <Filter>Source Files\Detour\Native</Filter>
    </ClCompile>
    <ClCompile Include="..\Source\Detour\Source\DetourCommon.cpp">
      <Filter>Source Files\Detour\Native</Filter>
    </ClCompile>
    <ClCompile Include="..\Source\Detour\Source\DetourNavMesh.cpp">
      <Filter>Source Files\Detour\Native</Filter>
    </ClCompile>
    <ClCompile Include="..\Source\Detour\Source\DetourNavMeshBuilder.cpp">
      <Filter>Source Files\Detour\Native</Filter>
    </ClCompile>
    <ClCompile Include="..\Source\Detour\Source\DetourNavMeshQuery.cpp">
      <Filter>Source Files\Detour\Native</Filter>
    </ClCompile>
    <ClCompile Include="..\Source\DetourCrowd\Source\DetourCrowd.cpp">
      <Filter>Source Files\Detour\Native</Filter>
    </ClCompile>
    <ClCompile Include="..\Source\DetourCrowd\Source\DetourLocalBoundary.cpp">
      <Filter>Source Files\Detour\Native</Filter>
    </ClCompile>
    <ClCompile Include="..\Source\DetourCrowd\Source\DetourObstacleAvoidance.cpp">
      <Filter>Source Files\Detour\Native</Filter>
    </ClCompile>
    <ClCompile Include="..\Source\DetourCrowd\Source\DetourPathCorridor.cpp">
      <Filter>Source Files\Detour\Native</Filter>
    </ClCompile>
    <ClCompile Include="..\Source\DetourCrowd\Source\DetourPathQueue.cpp">
      <Filter>Source Files\Detour\Native</Filter>
    </ClCompile>
    <ClCompile Include="..\Source\DetourCrowd\Source\DetourProximityGrid.cpp">
      <Filter>Source Files\Detour\Native</Filter>
    </ClCompile>
    <ClCompile Include="..\Source\DetourTileCache\Source\DetourTileCache.cpp">
      <Filter>Source Files\Detour\Native</Filter>
    </ClCompile>
    <ClCompile Include="..\Source\DetourTileCache\Source\DetourTileCacheBuilder.cpp">
      <Filter>Source Files\Detour\Native</Filter>
    </ClCompile>
    <ClCompile Include="ChunkyTriMesh.cpp">
      <Filter>Source Files\Util</Filter>
    </ClCompile>
    <ClCompile Include="InputGeom.cpp">
      <Filter>Source Files\Util</Filter>
    </ClCompile>
    <ClCompile Include="MeshLoaderObj.cpp">
      <Filter>Source Files\Util</Filter>
    </ClCompile>
    <ClCompile Include="RecastClient.cpp">
      <Filter>Source Files</Filter>
    </ClCompile>
    <ClCompile Include="ManagedRecastClient.cpp">
      <Filter>Source Files</Filter>
    </ClCompile>
    <ClCompile Include="ManagedDtCrowdAgentParams.cpp">
      <Filter>Source Files\Detour</Filter>
    </ClCompile>
    <ClCompile Include="RecastClientSoloMesh.cpp">
      <Filter>Source Files</Filter>
    </ClCompile>
    <ClCompile Include="RecastClientTiled.cpp">
      <Filter>Source Files</Filter>
    </ClCompile>
    <ClCompile Include="..\Source\Contrib\fastlz\fastlz.cpp">
      <Filter>Source Files\Contrib</Filter>
    </ClCompile>
    <ClCompile Include="..\Source\Protocol\NavMesh.pb.cc">
      <Filter>Source Files\Protocol</Filter>
    </ClCompile>
  </ItemGroup>
  <ItemGroup>
    <Text Include="ReadMe.txt" />
  </ItemGroup>
</Project>
