<?xml version="1.0" encoding="utf-8"?>
<Project ToolsVersion="4.0" xmlns="http://schemas.microsoft.com/developer/msbuild/2003">
  <ItemGroup>
    <Filter Include="Source Files">
      <UniqueIdentifier>{4FC737F1-C7A5-4376-A066-2A32D752A2FF}</UniqueIdentifier>
      <Extensions>cpp;c;cc;cxx;def;odl;idl;hpj;bat;asm;asmx</Extensions>
    </Filter>
    <Filter Include="Header Files">
      <UniqueIdentifier>{93995380-89BD-4b04-88EB-625FBE52EBFB}</UniqueIdentifier>
      <Extensions>h;hh;hpp;hxx;hm;inl;inc;xsd</Extensions>
    </Filter>
    <Filter Include="Resource Files">
      <UniqueIdentifier>{67DA6AB6-F800-4c08-8B7A-83BB121AAD01}</UniqueIdentifier>
      <Extensions>rc;ico;cur;bmp;dlg;rc2;rct;bin;rgs;gif;jpg;jpeg;jpe;resx;tiff;tif;png;wav;mfcribbon-ms</Extensions>
    </Filter>
    <Filter Include="Header Files\Recast">
      <UniqueIdentifier>{571cd6b8-c901-4428-929e-85622cd7fd09}</UniqueIdentifier>
    </Filter>
    <Filter Include="Header Files\Detour">
      <UniqueIdentifier>{57d1249f-9677-4cfa-bc88-d2cbbe47c50f}</UniqueIdentifier>
    </Filter>
    <Filter Include="Header Files\Util">
      <UniqueIdentifier>{4a71c9ee-b0ec-444f-bab0-c91659eb1bed}</UniqueIdentifier>
    </Filter>
  </ItemGroup>
  <ItemGroup>
    <ClInclude Include="Stdafx.h">
      <Filter>Header Files</Filter>
    </ClInclude>
    <ClInclude Include="resource.h">
      <Filter>Header Files</Filter>
    </ClInclude>
    <ClInclude Include="ManagedRcCompactHeightfield.h">
      <Filter>Header Files\Recast</Filter>
    </ClInclude>
    <ClInclude Include="ManagedRcConfig.h">
      <Filter>Header Files\Recast</Filter>
    </ClInclude>
    <ClInclude Include="ManagedRcContext.h">
      <Filter>Header Files\Recast</Filter>
    </ClInclude>
    <ClInclude Include="ManagedRcContourSet.h">
      <Filter>Header Files\Recast</Filter>
    </ClInclude>
    <ClInclude Include="ManagedRcHeightfield.h">
      <Filter>Header Files\Recast</Filter>
    </ClInclude>
    <ClInclude Include="ManagedRcPolyMesh.h">
      <Filter>Header Files\Recast</Filter>
    </ClInclude>
    <ClInclude Include="ManagedRcPolyMeshDetail.h">
      <Filter>Header Files\Recast</Filter>
    </ClInclude>
    <ClInclude Include="BuildContext.h">
      <Filter>Header Files\Util</Filter>
    </ClInclude>
    <ClInclude Include="PerfTimer.h">
      <Filter>Header Files\Util</Filter>
    </ClInclude>
    <ClInclude Include="RecastWrapper.h">
      <Filter>Header Files\Recast</Filter>
    </ClInclude>
    <ClInclude Include="DetourWrapper.h">
      <Filter>Header Files\Detour</Filter>
    </ClInclude>
    <ClInclude Include="ManagedDtNavMeshCreateParams.h">
      <Filter>Header Files\Detour</Filter>
    </ClInclude>
    <ClInclude Include="ManagedDtNavMesh.h">
      <Filter>Header Files\Detour</Filter>
    </ClInclude>
    <ClInclude Include="ManagedDtNavMeshQuery.h">
      <Filter>Header Files\Detour</Filter>
    </ClInclude>
    <ClInclude Include="ManagedDtCrowd.h">
      <Filter>Header Files\Detour</Filter>
    </ClInclude>
  </ItemGroup>
  <ItemGroup>
    <ClCompile Include="AssemblyInfo.cpp">
      <Filter>Source Files</Filter>
    </ClCompile>
    <ClCompile Include="Stdafx.cpp">
      <Filter>Source Files</Filter>
    </ClCompile>
    <ClCompile Include="ManagedRcConfig.cpp">
      <Filter>Source Files</Filter>
    </ClCompile>
    <ClCompile Include="RecastWrapper.cpp">
      <Filter>Source Files</Filter>
    </ClCompile>
    <ClCompile Include="BuildLog.cpp">
      <Filter>Source Files</Filter>
    </ClCompile>
    <ClCompile Include="PerfTimer.cpp">
      <Filter>Source Files</Filter>
    </ClCompile>
    <ClCompile Include="DetourWrapper.cpp">
      <Filter>Source Files</Filter>
    </ClCompile>
  </ItemGroup>
  <ItemGroup>
    <Text Include="ReadMe.txt" />
  </ItemGroup>
</Project>